
Microsoft Visual Studio Solution File, Format Version 12.00
# Visual Studio 15
VisualStudioVersion = 15.0.28307.421
MinimumVisualStudioVersion = 10.0.40219.1
Project("{9A19103F-16F7-4668-BE54-9A1E7A4F7556}") = "Pds.ControleVendas.Dominio", "Pds.ControleVendas.Dominio\Pds.ControleVendas.Dominio.csproj", "{A88BD0BF-2B67-4AF2-83D2-ACADE98E6944}"
EndProject
Project("{9A19103F-16F7-4668-BE54-9A1E7A4F7556}") = "Pds.ControleVendas.Dados", "Pds.ControleVendas.Dados\Pds.ControleVendas.Dados.csproj", "{838629EF-CD1B-457C-920A-9417C705D834}"
EndProject
Project("{9A19103F-16F7-4668-BE54-9A1E7A4F7556}") = "Pds.ControleVendas.Negocio", "Pds.ControleVendas.Negocio\Pds.ControleVendas.Negocio.csproj", "{059CAD81-A33A-429A-B859-DA0FDB3E00D9}"
EndProject
Project("{9A19103F-16F7-4668-BE54-9A1E7A4F7556}") = "Pds.ControleVendas.Api", "Pds.ControleVendas.Api\Pds.ControleVendas.Api.csproj", "{55985F59-E035-4FCB-85F3-3374A7A38C55}"
EndProject
Project("{FAE04EC0-301F-11D3-BF4B-00C04F79EFBC}") = "Pds.ControleVendas.Test", "Pds.ControleVendas.Test\Pds.ControleVendas.Test.csproj", "{257171F8-106B-4AFF-B2B4-264163619657}"
EndProject
Global
	GlobalSection(SolutionConfigurationPlatforms) = preSolution
		Debug|Any CPU = Debug|Any CPU
		Release|Any CPU = Release|Any CPU
	EndGlobalSection
	GlobalSection(ProjectConfigurationPlatforms) = postSolution
		{A88BD0BF-2B67-4AF2-83D2-ACADE98E6944}.Debug|Any CPU.ActiveCfg = Debug|Any CPU
		{A88BD0BF-2B67-4AF2-83D2-ACADE98E6944}.Debug|Any CPU.Build.0 = Debug|Any CPU
		{A88BD0BF-2B67-4AF2-83D2-ACADE98E6944}.Release|Any CPU.ActiveCfg = Release|Any CPU
		{A88BD0BF-2B67-4AF2-83D2-ACADE98E6944}.Release|Any CPU.Build.0 = Release|Any CPU
		{838629EF-CD1B-457C-920A-9417C705D834}.Debug|Any CPU.ActiveCfg = Debug|Any CPU
		{838629EF-CD1B-457C-920A-9417C705D834}.Debug|Any CPU.Build.0 = Debug|Any CPU
		{838629EF-CD1B-457C-920A-9417C705D834}.Release|Any CPU.ActiveCfg = Release|Any CPU
		{838629EF-CD1B-457C-920A-9417C705D834}.Release|Any CPU.Build.0 = Release|Any CPU
		{059CAD81-A33A-429A-B859-DA0FDB3E00D9}.Debug|Any CPU.ActiveCfg = Debug|Any CPU
		{059CAD81-A33A-429A-B859-DA0FDB3E00D9}.Debug|Any CPU.Build.0 = Debug|Any CPU
		{059CAD81-A33A-429A-B859-DA0FDB3E00D9}.Release|Any CPU.ActiveCfg = Release|Any CPU
		{059CAD81-A33A-429A-B859-DA0FDB3E00D9}.Release|Any CPU.Build.0 = Release|Any CPU
		{55985F59-E035-4FCB-85F3-3374A7A38C55}.Debug|Any CPU.ActiveCfg = Debug|Any CPU
		{55985F59-E035-4FCB-85F3-3374A7A38C55}.Debug|Any CPU.Build.0 = Debug|Any CPU
		{55985F59-E035-4FCB-85F3-3374A7A38C55}.Release|Any CPU.ActiveCfg = Release|Any CPU
		{55985F59-E035-4FCB-85F3-3374A7A38C55}.Release|Any CPU.Build.0 = Release|Any CPU
		{257171F8-106B-4AFF-B2B4-264163619657}.Debug|Any CPU.ActiveCfg = Debug|Any CPU
		{257171F8-106B-4AFF-B2B4-264163619657}.Debug|Any CPU.Build.0 = Debug|Any CPU
		{257171F8-106B-4AFF-B2B4-264163619657}.Release|Any CPU.ActiveCfg = Release|Any CPU
		{257171F8-106B-4AFF-B2B4-264163619657}.Release|Any CPU.Build.0 = Release|Any CPU
	EndGlobalSection
	GlobalSection(SolutionProperties) = preSolution
		HideSolutionNode = FALSE
	EndGlobalSection
	GlobalSection(ExtensibilityGlobals) = postSolution
		SolutionGuid = {E1465B8E-B62A-4C00-87BC-DA78430861AE}
	EndGlobalSection
EndGlobal
